
Microsoft Visual Studio Solution File, Format Version 12.00
# Visual Studio 15
VisualStudioVersion = 15.0.26228.4
MinimumVisualStudioVersion = 10.0.40219.1
Project("{2150E333-8FDC-42A3-9474-1A3956D46DE8}") = "Core", "Core", "{FC6E0EE1-119F-41C3-B243-E35AB464CF01}"
EndProject
Project("{2150E333-8FDC-42A3-9474-1A3956D46DE8}") = "Infrastructure", "Infrastructure", "{BDA650F2-3B79-4F3E-AB7B-A0880071601F}"
EndProject
Project("{2150E333-8FDC-42A3-9474-1A3956D46DE8}") = "Test", "Test", "{41BF627B-DBB3-4896-B223-98AB60991507}"
EndProject
Project("{2150E333-8FDC-42A3-9474-1A3956D46DE8}") = "Web", "Web", "{EE517236-6363-4A28-BC18-3FB4A840D988}"
EndProject
Project("{FAE04EC0-301F-11D3-BF4B-00C04F79EFBC}") = "UnityExampleMVC.Domain", "UnityExampleMVC.Domain\UnityExampleMVC.Domain.csproj", "{3DE4F6F0-8B34-4E52-86AA-3390ECCA4656}"
EndProject
Project("{FAE04EC0-301F-11D3-BF4B-00C04F79EFBC}") = "UnityExampleMVC.Data", "UnityExampleMVC.Data\UnityExampleMVC.Data.csproj", "{615B940F-00DA-4B7A-9C0A-D7E93C67F488}"
EndProject
Project("{FAE04EC0-301F-11D3-BF4B-00C04F79EFBC}") = "UnityExampleMVC.DataImpl", "UnityExampleMVC.DataImpl\UnityExampleMVC.DataImpl.csproj", "{B4C225CA-20F5-4A4E-8C14-B37DB73BEAA1}"
EndProject
Project("{2150E333-8FDC-42A3-9474-1A3956D46DE8}") = "Services", "Services", "{D08D70F7-203C-4CA7-9216-3899E948BEA3}"
EndProject
Project("{FAE04EC0-301F-11D3-BF4B-00C04F79EFBC}") = "UnityExampleMVC.DomainImpl", "UnityExampleMVC.DomainImpl\UnityExampleMVC.DomainImpl.csproj", "{ACE5D8DA-733E-4CD7-94C2-5ACA092749B0}"
EndProject
Project("{FAE04EC0-301F-11D3-BF4B-00C04F79EFBC}") = "UnityExampleMVC.Domain.Test", "UnityExampleMVC.Domain.Test\UnityExampleMVC.Domain.Test.csproj", "{65F22A69-1819-4F46-86D8-077E74EA32C2}"
EndProject
Project("{FAE04EC0-301F-11D3-BF4B-00C04F79EFBC}") = "UnityExampleMVC.Data.Test", "UnityExampleMVC.Data.Test\UnityExampleMVC.Data.Test.csproj", "{4C3EA898-A553-4506-A2DC-4D13870ACAB1}"
EndProject
Project("{FAE04EC0-301F-11D3-BF4B-00C04F79EFBC}") = "UnityExampleMVC.Web", "UnityExampleMVC.Web\UnityExampleMVC.Web.csproj", "{0D038794-75F1-40E3-B860-AC3DA9AE7FB7}"
EndProject
Project("{FAE04EC0-301F-11D3-BF4B-00C04F79EFBC}") = "Entities", "Entities\Entities.csproj", "{B604C3D6-9BAB-4D81-9E73-444EDE68DB69}"
EndProject
Global
	GlobalSection(SolutionConfigurationPlatforms) = preSolution
		Debug|Any CPU = Debug|Any CPU
		Release|Any CPU = Release|Any CPU
	EndGlobalSection
	GlobalSection(ProjectConfigurationPlatforms) = postSolution
		{3DE4F6F0-8B34-4E52-86AA-3390ECCA4656}.Debug|Any CPU.ActiveCfg = Debug|Any CPU
		{3DE4F6F0-8B34-4E52-86AA-3390ECCA4656}.Debug|Any CPU.Build.0 = Debug|Any CPU
		{3DE4F6F0-8B34-4E52-86AA-3390ECCA4656}.Release|Any CPU.ActiveCfg = Release|Any CPU
		{3DE4F6F0-8B34-4E52-86AA-3390ECCA4656}.Release|Any CPU.Build.0 = Release|Any CPU
		{615B940F-00DA-4B7A-9C0A-D7E93C67F488}.Debug|Any CPU.ActiveCfg = Debug|Any CPU
		{615B940F-00DA-4B7A-9C0A-D7E93C67F488}.Debug|Any CPU.Build.0 = Debug|Any CPU
		{615B940F-00DA-4B7A-9C0A-D7E93C67F488}.Release|Any CPU.ActiveCfg = Release|Any CPU
		{615B940F-00DA-4B7A-9C0A-D7E93C67F488}.Release|Any CPU.Build.0 = Release|Any CPU
		{B4C225CA-20F5-4A4E-8C14-B37DB73BEAA1}.Debug|Any CPU.ActiveCfg = Debug|Any CPU
		{B4C225CA-20F5-4A4E-8C14-B37DB73BEAA1}.Debug|Any CPU.Build.0 = Debug|Any CPU
		{B4C225CA-20F5-4A4E-8C14-B37DB73BEAA1}.Release|Any CPU.ActiveCfg = Release|Any CPU
		{B4C225CA-20F5-4A4E-8C14-B37DB73BEAA1}.Release|Any CPU.Build.0 = Release|Any CPU
		{ACE5D8DA-733E-4CD7-94C2-5ACA092749B0}.Debug|Any CPU.ActiveCfg = Debug|Any CPU
		{ACE5D8DA-733E-4CD7-94C2-5ACA092749B0}.Debug|Any CPU.Build.0 = Debug|Any CPU
		{ACE5D8DA-733E-4CD7-94C2-5ACA092749B0}.Release|Any CPU.ActiveCfg = Release|Any CPU
		{ACE5D8DA-733E-4CD7-94C2-5ACA092749B0}.Release|Any CPU.Build.0 = Release|Any CPU
		{65F22A69-1819-4F46-86D8-077E74EA32C2}.Debug|Any CPU.ActiveCfg = Debug|Any CPU
		{65F22A69-1819-4F46-86D8-077E74EA32C2}.Debug|Any CPU.Build.0 = Debug|Any CPU
		{65F22A69-1819-4F46-86D8-077E74EA32C2}.Release|Any CPU.ActiveCfg = Release|Any CPU
		{65F22A69-1819-4F46-86D8-077E74EA32C2}.Release|Any CPU.Build.0 = Release|Any CPU
		{4C3EA898-A553-4506-A2DC-4D13870ACAB1}.Debug|Any CPU.ActiveCfg = Debug|Any CPU
		{4C3EA898-A553-4506-A2DC-4D13870ACAB1}.Debug|Any CPU.Build.0 = Debug|Any CPU
		{4C3EA898-A553-4506-A2DC-4D13870ACAB1}.Release|Any CPU.ActiveCfg = Release|Any CPU
		{4C3EA898-A553-4506-A2DC-4D13870ACAB1}.Release|Any CPU.Build.0 = Release|Any CPU
		{0D038794-75F1-40E3-B860-AC3DA9AE7FB7}.Debug|Any CPU.ActiveCfg = Debug|Any CPU
		{0D038794-75F1-40E3-B860-AC3DA9AE7FB7}.Debug|Any CPU.Build.0 = Debug|Any CPU
		{0D038794-75F1-40E3-B860-AC3DA9AE7FB7}.Release|Any CPU.ActiveCfg = Release|Any CPU
		{0D038794-75F1-40E3-B860-AC3DA9AE7FB7}.Release|Any CPU.Build.0 = Release|Any CPU
		{B604C3D6-9BAB-4D81-9E73-444EDE68DB69}.Debug|Any CPU.ActiveCfg = Debug|Any CPU
		{B604C3D6-9BAB-4D81-9E73-444EDE68DB69}.Debug|Any CPU.Build.0 = Debug|Any CPU
		{B604C3D6-9BAB-4D81-9E73-444EDE68DB69}.Release|Any CPU.ActiveCfg = Release|Any CPU
		{B604C3D6-9BAB-4D81-9E73-444EDE68DB69}.Release|Any CPU.Build.0 = Release|Any CPU
	EndGlobalSection
	GlobalSection(SolutionProperties) = preSolution
		HideSolutionNode = FALSE
	EndGlobalSection
	GlobalSection(NestedProjects) = preSolution
		{3DE4F6F0-8B34-4E52-86AA-3390ECCA4656} = {FC6E0EE1-119F-41C3-B243-E35AB464CF01}
		{615B940F-00DA-4B7A-9C0A-D7E93C67F488} = {FC6E0EE1-119F-41C3-B243-E35AB464CF01}
		{B4C225CA-20F5-4A4E-8C14-B37DB73BEAA1} = {BDA650F2-3B79-4F3E-AB7B-A0880071601F}
		{ACE5D8DA-733E-4CD7-94C2-5ACA092749B0} = {D08D70F7-203C-4CA7-9216-3899E948BEA3}
		{65F22A69-1819-4F46-86D8-077E74EA32C2} = {41BF627B-DBB3-4896-B223-98AB60991507}
		{4C3EA898-A553-4506-A2DC-4D13870ACAB1} = {41BF627B-DBB3-4896-B223-98AB60991507}
		{0D038794-75F1-40E3-B860-AC3DA9AE7FB7} = {EE517236-6363-4A28-BC18-3FB4A840D988}
		{B604C3D6-9BAB-4D81-9E73-444EDE68DB69} = {FC6E0EE1-119F-41C3-B243-E35AB464CF01}
	EndGlobalSection
EndGlobal
